
Microsoft Visual Studio Solution File, Format Version 12.00
# Visual Studio Version 16
VisualStudioVersion = 16.0.30523.141
MinimumVisualStudioVersion = 10.0.40219.1
Project("{9A19103F-16F7-4668-BE54-9A1E7A4F7556}") = "Data Structures", "Data Structures.csproj", "{5626C727-F844-4A26-8826-0FB5D44BDC6D}"
EndProject
Project("{9A19103F-16F7-4668-BE54-9A1E7A4F7556}") = "Singly Linked List", "Singly Linked List\Singly Linked List.csproj", "{B464D413-D9A7-4F5A-87DB-BECB79028857}"
EndProject
Project("{9A19103F-16F7-4668-BE54-9A1E7A4F7556}") = "Doubly Linked List", "Doubly Linked List\Doubly Linked List.csproj", "{CD5DE989-345A-42EA-A4CA-7C723592C634}"
EndProject
Project("{9A19103F-16F7-4668-BE54-9A1E7A4F7556}") = "Stacks", "Stacks\Stacks.csproj", "{E41F9C80-0E29-4051-826F-15A024038AC1}"
EndProject
Project("{9A19103F-16F7-4668-BE54-9A1E7A4F7556}") = "Queues", "Queues\Queues.csproj", "{2B507493-504A-472E-9341-24BFFA19A992}"
EndProject
Project("{FAE04EC0-301F-11D3-BF4B-00C04F79EFBC}") = "BinarySearchTree", "Trees\BinarySearchTree\BinarySearchTree.csproj", "{93CB3710-3264-432B-9381-4F4983A3A5AF}"
EndProject
Global
	GlobalSection(SolutionConfigurationPlatforms) = preSolution
		Debug|Any CPU = Debug|Any CPU
		Release|Any CPU = Release|Any CPU
	EndGlobalSection
	GlobalSection(ProjectConfigurationPlatforms) = postSolution
		{5626C727-F844-4A26-8826-0FB5D44BDC6D}.Debug|Any CPU.ActiveCfg = Debug|Any CPU
		{5626C727-F844-4A26-8826-0FB5D44BDC6D}.Debug|Any CPU.Build.0 = Debug|Any CPU
		{5626C727-F844-4A26-8826-0FB5D44BDC6D}.Release|Any CPU.ActiveCfg = Release|Any CPU
		{5626C727-F844-4A26-8826-0FB5D44BDC6D}.Release|Any CPU.Build.0 = Release|Any CPU
		{B464D413-D9A7-4F5A-87DB-BECB79028857}.Debug|Any CPU.ActiveCfg = Debug|Any CPU
		{B464D413-D9A7-4F5A-87DB-BECB79028857}.Debug|Any CPU.Build.0 = Debug|Any CPU
		{B464D413-D9A7-4F5A-87DB-BECB79028857}.Release|Any CPU.ActiveCfg = Release|Any CPU
		{B464D413-D9A7-4F5A-87DB-BECB79028857}.Release|Any CPU.Build.0 = Release|Any CPU
		{CD5DE989-345A-42EA-A4CA-7C723592C634}.Debug|Any CPU.ActiveCfg = Debug|Any CPU
		{CD5DE989-345A-42EA-A4CA-7C723592C634}.Debug|Any CPU.Build.0 = Debug|Any CPU
		{CD5DE989-345A-42EA-A4CA-7C723592C634}.Release|Any CPU.ActiveCfg = Release|Any CPU
		{CD5DE989-345A-42EA-A4CA-7C723592C634}.Release|Any CPU.Build.0 = Release|Any CPU
		{E41F9C80-0E29-4051-826F-15A024038AC1}.Debug|Any CPU.ActiveCfg = Debug|Any CPU
		{E41F9C80-0E29-4051-826F-15A024038AC1}.Debug|Any CPU.Build.0 = Debug|Any CPU
		{E41F9C80-0E29-4051-826F-15A024038AC1}.Release|Any CPU.ActiveCfg = Release|Any CPU
		{E41F9C80-0E29-4051-826F-15A024038AC1}.Release|Any CPU.Build.0 = Release|Any CPU
		{2B507493-504A-472E-9341-24BFFA19A992}.Debug|Any CPU.ActiveCfg = Debug|Any CPU
		{2B507493-504A-472E-9341-24BFFA19A992}.Debug|Any CPU.Build.0 = Debug|Any CPU
		{2B507493-504A-472E-9341-24BFFA19A992}.Release|Any CPU.ActiveCfg = Release|Any CPU
		{2B507493-504A-472E-9341-24BFFA19A992}.Release|Any CPU.Build.0 = Release|Any CPU
		{93CB3710-3264-432B-9381-4F4983A3A5AF}.Debug|Any CPU.ActiveCfg = Debug|Any CPU
		{93CB3710-3264-432B-9381-4F4983A3A5AF}.Debug|Any CPU.Build.0 = Debug|Any CPU
		{93CB3710-3264-432B-9381-4F4983A3A5AF}.Release|Any CPU.ActiveCfg = Release|Any CPU
		{93CB3710-3264-432B-9381-4F4983A3A5AF}.Release|Any CPU.Build.0 = Release|Any CPU
	EndGlobalSection
	GlobalSection(SolutionProperties) = preSolution
		HideSolutionNode = FALSE
	EndGlobalSection
	GlobalSection(ExtensibilityGlobals) = postSolution
		SolutionGuid = {2A56C003-6AA0-41F4-B54E-9C5365F8FFA1}
	EndGlobalSection
EndGlobal
