
Microsoft Visual Studio Solution File, Format Version 12.00
# Visual Studio Version 16
VisualStudioVersion = 16.0.30611.23
MinimumVisualStudioVersion = 10.0.40219.1
Project("{FAE04EC0-301F-11D3-BF4B-00C04F79EFBC}") = "Pangram", "Pangram.csproj", "{DCECB368-5228-44C7-B697-F215556C5110}"
EndProject
Global
	GlobalSection(SolutionConfigurationPlatforms) = preSolution
		Debug|Any CPU = Debug|Any CPU
		Release|Any CPU = Release|Any CPU
	EndGlobalSection
	GlobalSection(ProjectConfigurationPlatforms) = postSolution
		{DCECB368-5228-44C7-B697-F215556C5110}.Debug|Any CPU.ActiveCfg = Debug|Any CPU
		{DCECB368-5228-44C7-B697-F215556C5110}.Debug|Any CPU.Build.0 = Debug|Any CPU
		{DCECB368-5228-44C7-B697-F215556C5110}.Release|Any CPU.ActiveCfg = Release|Any CPU
		{DCECB368-5228-44C7-B697-F215556C5110}.Release|Any CPU.Build.0 = Release|Any CPU
	EndGlobalSection
	GlobalSection(SolutionProperties) = preSolution
		HideSolutionNode = FALSE
	EndGlobalSection
	GlobalSection(ExtensibilityGlobals) = postSolution
		SolutionGuid = {474ECD31-464B-4A4A-BF1D-711806EEC5C8}
	EndGlobalSection
EndGlobal
